
Microsoft Visual Studio Solution File, Format Version 12.00
# Visual Studio Version 16
VisualStudioVersion = 16.0.29613.14
MinimumVisualStudioVersion = 10.0.40219.1
Project("{9A19103F-16F7-4668-BE54-9A1E7A4F7556}") = "DataGenerator", "DataGenerator\DataGenerator.csproj", "{070094AC-4D33-4335-B36C-BAE31E7946B1}"
EndProject
Project("{FAE04EC0-301F-11D3-BF4B-00C04F79EFBC}") = "OEEDataGeneratorApp", "OEEDataGeneratorApp\OEEDataGeneratorApp.csproj", "{FA4A8A06-DC1B-4EE1-8878-3FB0B26AD68B}"
EndProject
Global
	GlobalSection(SolutionConfigurationPlatforms) = preSolution
		Debug|Any CPU = Debug|Any CPU
		Release|Any CPU = Release|Any CPU
	EndGlobalSection
	GlobalSection(ProjectConfigurationPlatforms) = postSolution
		{070094AC-4D33-4335-B36C-BAE31E7946B1}.Debug|Any CPU.ActiveCfg = Debug|Any CPU
		{070094AC-4D33-4335-B36C-BAE31E7946B1}.Debug|Any CPU.Build.0 = Debug|Any CPU
		{070094AC-4D33-4335-B36C-BAE31E7946B1}.Release|Any CPU.ActiveCfg = Release|Any CPU
		{070094AC-4D33-4335-B36C-BAE31E7946B1}.Release|Any CPU.Build.0 = Release|Any CPU
		{FA4A8A06-DC1B-4EE1-8878-3FB0B26AD68B}.Debug|Any CPU.ActiveCfg = Debug|Any CPU
		{FA4A8A06-DC1B-4EE1-8878-3FB0B26AD68B}.Debug|Any CPU.Build.0 = Debug|Any CPU
		{FA4A8A06-DC1B-4EE1-8878-3FB0B26AD68B}.Release|Any CPU.ActiveCfg = Release|Any CPU
		{FA4A8A06-DC1B-4EE1-8878-3FB0B26AD68B}.Release|Any CPU.Build.0 = Release|Any CPU
	EndGlobalSection
	GlobalSection(SolutionProperties) = preSolution
		HideSolutionNode = FALSE
	EndGlobalSection
	GlobalSection(ExtensibilityGlobals) = postSolution
		SolutionGuid = {7715C8B2-7AF5-4A0D-B579-77F68527CDDC}
	EndGlobalSection
EndGlobal
